
Microsoft Visual Studio Solution File, Format Version 12.00
# Visual Studio Version 17
VisualStudioVersion = 17.0.31903.59
MinimumVisualStudioVersion = 10.0.40219.1
Project("{9A19103F-16F7-4668-BE54-9A1E7A4F7556}") = "ConvinienceStore", "ConvinienceStore.csproj", "{5D3A1413-70EF-4E49-8B33-C7F26DE7918D}"
EndProject
Project("{FAE04EC0-301F-11D3-BF4B-00C04F79EFBC}") = "DiskRental", "..\DiskRental\DiskRental.csproj", "{BA1E2235-941B-4B75-8DC3-0F9B9619363D}"
EndProject
Global
	GlobalSection(SolutionConfigurationPlatforms) = preSolution
		Debug|Any CPU = Debug|Any CPU
		Release|Any CPU = Release|Any CPU
	EndGlobalSection
	GlobalSection(ProjectConfigurationPlatforms) = postSolution
		{5D3A1413-70EF-4E49-8B33-C7F26DE7918D}.Debug|Any CPU.ActiveCfg = Debug|Any CPU
		{5D3A1413-70EF-4E49-8B33-C7F26DE7918D}.Debug|Any CPU.Build.0 = Debug|Any CPU
		{5D3A1413-70EF-4E49-8B33-C7F26DE7918D}.Release|Any CPU.ActiveCfg = Release|Any CPU
		{5D3A1413-70EF-4E49-8B33-C7F26DE7918D}.Release|Any CPU.Build.0 = Release|Any CPU
		{BA1E2235-941B-4B75-8DC3-0F9B9619363D}.Debug|Any CPU.ActiveCfg = Debug|Any CPU
		{BA1E2235-941B-4B75-8DC3-0F9B9619363D}.Debug|Any CPU.Build.0 = Debug|Any CPU
		{BA1E2235-941B-4B75-8DC3-0F9B9619363D}.Release|Any CPU.ActiveCfg = Release|Any CPU
		{BA1E2235-941B-4B75-8DC3-0F9B9619363D}.Release|Any CPU.Build.0 = Release|Any CPU
	EndGlobalSection
	GlobalSection(SolutionProperties) = preSolution
		HideSolutionNode = FALSE
	EndGlobalSection
	GlobalSection(ExtensibilityGlobals) = postSolution
		SolutionGuid = {DD054100-7485-4F49-B702-0EA8DA313525}
	EndGlobalSection
EndGlobal
